
Microsoft Visual Studio Solution File, Format Version 12.00
# Visual Studio 15
VisualStudioVersion = 15.0.28307.102
MinimumVisualStudioVersion = 10.0.40219.1
Project("{FAE04EC0-301F-11D3-BF4B-00C04F79EFBC}") = "Alcootest", "Alcootest\Alcootest.csproj", "{D511653E-6C64-4D03-8636-332FD7DBA97C}"
EndProject
Project("{FAE04EC0-301F-11D3-BF4B-00C04F79EFBC}") = "Carilloneurs", "H:\VISUAL C#\CARILLONNEURS\Carilloneurs\Carilloneurs\Carilloneurs.csproj", "{33A05BDC-7A9B-43B1-AD16-2867C64346DD}"
EndProject
Global
	GlobalSection(SolutionConfigurationPlatforms) = preSolution
		Debug|Any CPU = Debug|Any CPU
		Release|Any CPU = Release|Any CPU
	EndGlobalSection
	GlobalSection(ProjectConfigurationPlatforms) = postSolution
		{D511653E-6C64-4D03-8636-332FD7DBA97C}.Debug|Any CPU.ActiveCfg = Debug|Any CPU
		{D511653E-6C64-4D03-8636-332FD7DBA97C}.Debug|Any CPU.Build.0 = Debug|Any CPU
		{D511653E-6C64-4D03-8636-332FD7DBA97C}.Release|Any CPU.ActiveCfg = Release|Any CPU
		{D511653E-6C64-4D03-8636-332FD7DBA97C}.Release|Any CPU.Build.0 = Release|Any CPU
		{33A05BDC-7A9B-43B1-AD16-2867C64346DD}.Debug|Any CPU.ActiveCfg = Debug|Any CPU
		{33A05BDC-7A9B-43B1-AD16-2867C64346DD}.Debug|Any CPU.Build.0 = Debug|Any CPU
		{33A05BDC-7A9B-43B1-AD16-2867C64346DD}.Release|Any CPU.ActiveCfg = Release|Any CPU
		{33A05BDC-7A9B-43B1-AD16-2867C64346DD}.Release|Any CPU.Build.0 = Release|Any CPU
	EndGlobalSection
	GlobalSection(SolutionProperties) = preSolution
		HideSolutionNode = FALSE
	EndGlobalSection
	GlobalSection(ExtensibilityGlobals) = postSolution
		SolutionGuid = {9E9BA6F6-BB2C-4B90-AD13-70411AE92CAF}
	EndGlobalSection
EndGlobal
